
Microsoft Visual Studio Solution File, Format Version 12.00
# Visual Studio Version 16
VisualStudioVersion = 16.0.31624.102
MinimumVisualStudioVersion = 10.0.40219.1
Project("{FAE04EC0-301F-11D3-BF4B-00C04F79EFBC}") = "MyLibsNet.Serialisation", "MyLibsNet.Serialisation\MyLibsNet.Serialisation.csproj", "{0E426807-F492-42C6-A9E1-CA20811D51A1}"
EndProject
Global
	GlobalSection(SolutionConfigurationPlatforms) = preSolution
		Debug|Any CPU = Debug|Any CPU
		Release|Any CPU = Release|Any CPU
	EndGlobalSection
	GlobalSection(ProjectConfigurationPlatforms) = postSolution
		{0E426807-F492-42C6-A9E1-CA20811D51A1}.Debug|Any CPU.ActiveCfg = Debug|Any CPU
		{0E426807-F492-42C6-A9E1-CA20811D51A1}.Debug|Any CPU.Build.0 = Debug|Any CPU
		{0E426807-F492-42C6-A9E1-CA20811D51A1}.Release|Any CPU.ActiveCfg = Release|Any CPU
		{0E426807-F492-42C6-A9E1-CA20811D51A1}.Release|Any CPU.Build.0 = Release|Any CPU
	EndGlobalSection
	GlobalSection(SolutionProperties) = preSolution
		HideSolutionNode = FALSE
	EndGlobalSection
	GlobalSection(ExtensibilityGlobals) = postSolution
		SolutionGuid = {E88AC52B-7BD3-436C-B178-6F4D80470550}
	EndGlobalSection
EndGlobal
